paths:
  /block:
    post:
      operationId: getBlocks
      parameters: []
      responses:
        200:
          description: "Status 200"
          schema:
            $ref: "#/definitions/User"
    put:
      operationId: createBlock
      consumes: []
      parameters:
      - name: body
        in: body
        required: true
        schema:
          type: object
          properties:
            user_guid:
              type: number
      responses:
        200:
          description: "Status 200"
          schema:
            $ref: "#/definitions/DefaultResponse"
    delete:
      operationId: deleteBlock
      parameters:
      - name: user_guid
        in: query
        required: true
        type: number
      responses:
        200:
          description: "Status 200"
          schema:
            $ref: "#/definitions/DefaultResponse"
